
Microsoft Visual Studio Solution File, Format Version 12.00
# Visual Studio Version 17
VisualStudioVersion = 17.6.33801.468
MinimumVisualStudioVersion = 10.0.40219.1
Project("{9A19103F-16F7-4668-BE54-9A1E7A4F7556}") = "Ookii.BinarySize", "Ookii.BinarySize\Ookii.BinarySize.csproj", "{8F2DDEA0-361C-4F2A-A7A3-F5938275C6A0}"
EndProject
Project("{9A19103F-16F7-4668-BE54-9A1E7A4F7556}") = "Ookii.BinarySize.Test", "Ookii.BinarySize.Test\Ookii.BinarySize.Test.csproj", "{3B34CE64-7043-4E51-8B7D-2FFCD46E212F}"
EndProject
Project("{2150E333-8FDC-42A3-9474-1A3956D46DE8}") = "Solution Items", "Solution Items", "{510F9ED4-A344-4049-8CE2-EBCAE71BAB1B}"
	ProjectSection(SolutionItems) = preProject
		.editorconfig = .editorconfig
		Directory.Build.props = Directory.Build.props
	EndProjectSection
EndProject
Project("{2150E333-8FDC-42A3-9474-1A3956D46DE8}") = "Samples", "Samples", "{06C16EF0-858C-4DDC-81F2-7B67BA3BCC5D}"
EndProject
Project("{9A19103F-16F7-4668-BE54-9A1E7A4F7556}") = "Configuration", "Samples\Configuration\Configuration.csproj", "{E269FBDC-C49D-4CFB-AA74-D4D863EF7EE0}"
EndProject
Project("{9A19103F-16F7-4668-BE54-9A1E7A4F7556}") = "ListDirectory", "Samples\ListDirectory\ListDirectory.csproj", "{76328AE6-4B61-4EAB-B3F0-CC4D9298860C}"
EndProject
Project("{9A19103F-16F7-4668-BE54-9A1E7A4F7556}") = "Ookii.BinarySize.Async", "Ookii.BinarySize.Async\Ookii.BinarySize.Async.csproj", "{EC5EE095-60E5-41FE-899F-38545C09F829}"
EndProject
Project("{FAE04EC0-301F-11D3-BF4B-00C04F79EFBC}") = "Localization", "Samples\Localization\Localization.csproj", "{C8D5326D-8B2D-4DCD-9E8B-BDE19108C5F7}"
EndProject
Global
	GlobalSection(SolutionConfigurationPlatforms) = preSolution
		Debug|Any CPU = Debug|Any CPU
		Release|Any CPU = Release|Any CPU
	EndGlobalSection
	GlobalSection(ProjectConfigurationPlatforms) = postSolution
		{8F2DDEA0-361C-4F2A-A7A3-F5938275C6A0}.Debug|Any CPU.ActiveCfg = Debug|Any CPU
		{8F2DDEA0-361C-4F2A-A7A3-F5938275C6A0}.Debug|Any CPU.Build.0 = Debug|Any CPU
		{8F2DDEA0-361C-4F2A-A7A3-F5938275C6A0}.Release|Any CPU.ActiveCfg = Release|Any CPU
		{8F2DDEA0-361C-4F2A-A7A3-F5938275C6A0}.Release|Any CPU.Build.0 = Release|Any CPU
		{3B34CE64-7043-4E51-8B7D-2FFCD46E212F}.Debug|Any CPU.ActiveCfg = Debug|Any CPU
		{3B34CE64-7043-4E51-8B7D-2FFCD46E212F}.Debug|Any CPU.Build.0 = Debug|Any CPU
		{3B34CE64-7043-4E51-8B7D-2FFCD46E212F}.Release|Any CPU.ActiveCfg = Release|Any CPU
		{3B34CE64-7043-4E51-8B7D-2FFCD46E212F}.Release|Any CPU.Build.0 = Release|Any CPU
		{E269FBDC-C49D-4CFB-AA74-D4D863EF7EE0}.Debug|Any CPU.ActiveCfg = Debug|Any CPU
		{E269FBDC-C49D-4CFB-AA74-D4D863EF7EE0}.Debug|Any CPU.Build.0 = Debug|Any CPU
		{E269FBDC-C49D-4CFB-AA74-D4D863EF7EE0}.Release|Any CPU.ActiveCfg = Release|Any CPU
		{E269FBDC-C49D-4CFB-AA74-D4D863EF7EE0}.Release|Any CPU.Build.0 = Release|Any CPU
		{76328AE6-4B61-4EAB-B3F0-CC4D9298860C}.Debug|Any CPU.ActiveCfg = Debug|Any CPU
		{76328AE6-4B61-4EAB-B3F0-CC4D9298860C}.Debug|Any CPU.Build.0 = Debug|Any CPU
		{76328AE6-4B61-4EAB-B3F0-CC4D9298860C}.Release|Any CPU.ActiveCfg = Release|Any CPU
		{76328AE6-4B61-4EAB-B3F0-CC4D9298860C}.Release|Any CPU.Build.0 = Release|Any CPU
		{EC5EE095-60E5-41FE-899F-38545C09F829}.Debug|Any CPU.ActiveCfg = Debug|Any CPU
		{EC5EE095-60E5-41FE-899F-38545C09F829}.Debug|Any CPU.Build.0 = Debug|Any CPU
		{EC5EE095-60E5-41FE-899F-38545C09F829}.Release|Any CPU.ActiveCfg = Release|Any CPU
		{EC5EE095-60E5-41FE-899F-38545C09F829}.Release|Any CPU.Build.0 = Release|Any CPU
		{C8D5326D-8B2D-4DCD-9E8B-BDE19108C5F7}.Debug|Any CPU.ActiveCfg = Debug|Any CPU
		{C8D5326D-8B2D-4DCD-9E8B-BDE19108C5F7}.Debug|Any CPU.Build.0 = Debug|Any CPU
		{C8D5326D-8B2D-4DCD-9E8B-BDE19108C5F7}.Release|Any CPU.ActiveCfg = Release|Any CPU
		{C8D5326D-8B2D-4DCD-9E8B-BDE19108C5F7}.Release|Any CPU.Build.0 = Release|Any CPU
	EndGlobalSection
	GlobalSection(SolutionProperties) = preSolution
		HideSolutionNode = FALSE
	EndGlobalSection
	GlobalSection(NestedProjects) = preSolution
		{E269FBDC-C49D-4CFB-AA74-D4D863EF7EE0} = {06C16EF0-858C-4DDC-81F2-7B67BA3BCC5D}
		{76328AE6-4B61-4EAB-B3F0-CC4D9298860C} = {06C16EF0-858C-4DDC-81F2-7B67BA3BCC5D}
		{C8D5326D-8B2D-4DCD-9E8B-BDE19108C5F7} = {06C16EF0-858C-4DDC-81F2-7B67BA3BCC5D}
	EndGlobalSection
	GlobalSection(ExtensibilityGlobals) = postSolution
		SolutionGuid = {9F37B80E-3D82-4597-BA38-9FF85B69D9A5}
	EndGlobalSection
EndGlobal
